
Microsoft Visual Studio Solution File, Format Version 12.00
# Visual Studio 2015
Project("{FAE04EC0-301F-11D3-BF4B-00C04F79EFBC}") = "Assembly-CSharp", "Assembly-CSharp.csproj", "{0086B13E-DC83-A992-3D38-FDFCEB0D69DE}"
EndProject
Project("{FAE04EC0-301F-11D3-BF4B-00C04F79EFBC}") = "Assembly-CSharp-Editor", "Assembly-CSharp-Editor.csproj", "{4BE88D21-997D-4004-9A44-14FCEE7D9F1A}"
EndProject
Global
	GlobalSection(SolutionConfigurationPlatforms) = preSolution
		Debug|Any CPU = Debug|Any CPU
		Release|Any CPU = Release|Any CPU
	EndGlobalSection
	GlobalSection(ProjectConfigurationPlatforms) = postSolution
		{0086B13E-DC83-A992-3D38-FDFCEB0D69DE}.Debug|Any CPU.ActiveCfg = Debug|Any CPU
		{0086B13E-DC83-A992-3D38-FDFCEB0D69DE}.Debug|Any CPU.Build.0 = Debug|Any CPU
		{0086B13E-DC83-A992-3D38-FDFCEB0D69DE}.Release|Any CPU.ActiveCfg = Release|Any CPU
		{0086B13E-DC83-A992-3D38-FDFCEB0D69DE}.Release|Any CPU.Build.0 = Release|Any CPU
		{4BE88D21-997D-4004-9A44-14FCEE7D9F1A}.Debug|Any CPU.ActiveCfg = Debug|Any CPU
		{4BE88D21-997D-4004-9A44-14FCEE7D9F1A}.Debug|Any CPU.Build.0 = Debug|Any CPU
		{4BE88D21-997D-4004-9A44-14FCEE7D9F1A}.Release|Any CPU.ActiveCfg = Release|Any CPU
		{4BE88D21-997D-4004-9A44-14FCEE7D9F1A}.Release|Any CPU.Build.0 = Release|Any CPU
	EndGlobalSection
	GlobalSection(SolutionProperties) = preSolution
		HideSolutionNode = FALSE
	EndGlobalSection
EndGlobal
